<?xml version="1.0" encoding="utf-8"?>
<Project ToolsVersion="4.0" xmlns="http://schemas.microsoft.com/developer/msbuild/2003">
  <ItemGroup>
    <Filter Include="Platform">
      <UniqueIdentifier>{2AC788B4-1694-E3BF-3FAD-D1672BD9184E}</UniqueIdentifier>
    </Filter>
    <Filter Include="Taurida">
      <UniqueIdentifier>{CF73A530-3B53-24CC-446B-AFA2B0C98A2D}</UniqueIdentifier>
    </Filter>
    <Filter Include="Taurida\Events">
      <UniqueIdentifier>{D3E056CC-BFAE-4AD2-A842-BBF894AF2637}</UniqueIdentifier>
    </Filter>
  </ItemGroup>
  <ItemGroup>
    <ClInclude Include="src\Platform\WindowsWindow.h">
      <Filter>Platform</Filter>
    </ClInclude>
    <ClInclude Include="src\Taurida.h" />
    <ClInclude Include="src\Taurida\Application.h">
      <Filter>Taurida</Filter>
    </ClInclude>
    <ClInclude Include="src\Taurida\Core.h">
      <Filter>Taurida</Filter>
    </ClInclude>
    <ClInclude Include="src\Taurida\EntryPoint.h">
      <Filter>Taurida</Filter>
    </ClInclude>
    <ClInclude Include="src\Taurida\Events\ApplicationEvent.h">
      <Filter>Taurida\Events</Filter>
    </ClInclude>
    <ClInclude Include="src\Taurida\Events\Event.h">
      <Filter>Taurida\Events</Filter>
    </ClInclude>
    <ClInclude Include="src\Taurida\Events\KeyEvent.h">
      <Filter>Taurida\Events</Filter>
    </ClInclude>
    <ClInclude Include="src\Taurida\Events\MouseEvent.h">
      <Filter>Taurida\Events</Filter>
    </ClInclude>
    <ClInclude Include="src\Taurida\Layer.h">
      <Filter>Taurida</Filter>
    </ClInclude>
    <ClInclude Include="src\Taurida\LayerStack.h">
      <Filter>Taurida</Filter>
    </ClInclude>
    <ClInclude Include="src\Taurida\Log.h">
      <Filter>Taurida</Filter>
    </ClInclude>
    <ClInclude Include="src\Taurida\Window.h">
      <Filter>Taurida</Filter>
    </ClInclude>
    <ClInclude Include="src\trdpch.h" />
  </ItemGroup>
  <ItemGroup>
    <ClCompile Include="src\Platform\WindowsWindow.cpp">
      <Filter>Platform</Filter>
    </ClCompile>
    <ClCompile Include="src\Taurida\Application.cpp">
      <Filter>Taurida</Filter>
    </ClCompile>
    <ClCompile Include="src\Taurida\Layer.cpp">
      <Filter>Taurida</Filter>
    </ClCompile>
    <ClCompile Include="src\Taurida\LayerStack.cpp">
      <Filter>Taurida</Filter>
    </ClCompile>
    <ClCompile Include="src\Taurida\Log.cpp">
      <Filter>Taurida</Filter>
    </ClCompile>
    <ClCompile Include="src\trdpch.cpp" />
  </ItemGroup>
</Project>